// !$*UTF8*$!
{
	archiveVersion = 1;
	classes = {
	};
	objectVersion = 56;
	objects = {

/* Begin PBXBuildFile section */
		9E947BB42A139E8400C3BDCF /* MoonshotApp.swift in Sources */ = {isa = PBXBuildFile; fileRef = 9E947BB32A139E8400C3BDCF /* MoonshotApp.swift */; };
		9E947BB62A139E8400C3BDCF /* ContentView.swift in Sources */ = {isa = PBXBuildFile; fileRef = 9E947BB52A139E8400C3BDCF /* ContentView.swift */; };
		9E947BB82A139E8500C3BDCF /* Assets.xcassets in Resources */ = {isa = PBXBuildFile; fileRef = 9E947BB72A139E8500C3BDCF /* Assets.xcassets */; };
		9E947BBB2A139E8500C3BDCF /* Preview Assets.xcassets in Resources */ = {isa = PBXBuildFile; fileRef = 9E947BBA2A139E8500C3BDCF /* Preview Assets.xcassets */; };
		9ED8A7F82A151755007E0192 /* astronauts.json in Resources */ = {isa = PBXBuildFile; fileRef = 9ED8A7F62A151755007E0192 /* astronauts.json */; };
		9ED8A7F92A151755007E0192 /* missions.json in Resources */ = {isa = PBXBuildFile; fileRef = 9ED8A7F72A151755007E0192 /* missions.json */; };
		9ED8A7FB2A151A40007E0192 /* Astronaut.swift in Sources */ = {isa = PBXBuildFile; fileRef = 9ED8A7FA2A151A40007E0192 /* Astronaut.swift */; };
		9ED8A7FD2A151AB1007E0192 /* Bundle-Decodable.swift in Sources */ = {isa = PBXBuildFile; fileRef = 9ED8A7FC2A151AB1007E0192 /* Bundle-Decodable.swift */; };
		9ED8A7FF2A1528A6007E0192 /* Mission.swift in Sources */ = {isa = PBXBuildFile; fileRef = 9ED8A7FE2A1528A6007E0192 /* Mission.swift */; };
		9ED8A8012A154F18007E0192 /* Color-Theme.swift in Sources */ = {isa = PBXBuildFile; fileRef = 9ED8A8002A154F18007E0192 /* Color-Theme.swift */; };
		9ED8A8032A1551D7007E0192 /* MissionView.swift in Sources */ = {isa = PBXBuildFile; fileRef = 9ED8A8022A1551D7007E0192 /* MissionView.swift */; };
		9ED8A8052A155A8E007E0192 /* AstronautView.swift in Sources */ = {isa = PBXBuildFile; fileRef = 9ED8A8042A155A8E007E0192 /* AstronautView.swift */; };
		9ED8A8072A156405007E0192 /* GridLayout.swift in Sources */ = {isa = PBXBuildFile; fileRef = 9ED8A8062A156405007E0192 /* GridLayout.swift */; };
		9ED8A8092A1564D2007E0192 /* ListLayout.swift in Sources */ = {isa = PBXBuildFile; fileRef = 9ED8A8082A1564D2007E0192 /* ListLayout.swift */; };
		9ED8A80B2A15672B007E0192 /* CrewRoster.swift in Sources */ = {isa = PBXBuildFile; fileRef = 9ED8A80A2A15672B007E0192 /* CrewRoster.swift */; };
		9ED8A80D2A1568E7007E0192 /* CustomDivider.swift in Sources */ = {isa = PBXBuildFile; fileRef = 9ED8A80C2A1568E7007E0192 /* CustomDivider.swift */; };
/* End PBXBuildFile section */

/* Begin PBXFileReference section */
		9E947BB02A139E8400C3BDCF /* Moonshot.app */ = {isa = PBXFileReference; explicitFileType = wrapper.application; includeInIndex = 0; path = Moonshot.app; sourceTree = BUILT_PRODUCTS_DIR; };
		9E947BB32A139E8400C3BDCF /* MoonshotApp.swift */ = {isa = PBXFileReference; lastKnownFileType = sourcecode.swift; path = MoonshotApp.swift; sourceTree = "<group>"; };
		9E947BB52A139E8400C3BDCF /* ContentView.swift */ = {isa = PBXFileReference; lastKnownFileType = sourcecode.swift; path = ContentView.swift; sourceTree = "<group>"; };
		9E947BB72A139E8500C3BDCF /* Assets.xcassets */ = {isa = PBXFileReference; lastKnownFileType = folder.assetcatalog; path = Assets.xcassets; sourceTree = "<group>"; };
		9E947BBA2A139E8500C3BDCF /* Preview Assets.xcassets */ = {isa = PBXFileReference; lastKnownFileType = folder.assetcatalog; path = "Preview Assets.xcassets"; sourceTree = "<group>"; };
		9ED8A7F62A151755007E0192 /* astronauts.json */ = {isa = PBXFileReference; fileEncoding = 4; lastKnownFileType = text.json; path = astronauts.json; sourceTree = "<group>"; };
		9ED8A7F72A151755007E0192 /* missions.json */ = {isa = PBXFileReference; fileEncoding = 4; lastKnownFileType = text.json; path = missions.json; sourceTree = "<group>"; };
		9ED8A7FA2A151A40007E0192 /* Astronaut.swift */ = {isa = PBXFileReference; lastKnownFileType = sourcecode.swift; path = Astronaut.swift; sourceTree = "<group>"; };
		9ED8A7FC2A151AB1007E0192 /* Bundle-Decodable.swift */ = {isa = PBXFileReference; lastKnownFileType = sourcecode.swift; path = "Bundle-Decodable.swift"; sourceTree = "<group>"; };
		9ED8A7FE2A1528A6007E0192 /* Mission.swift */ = {isa = PBXFileReference; lastKnownFileType = sourcecode.swift; path = Mission.swift; sourceTree = "<group>"; };
		9ED8A8002A154F18007E0192 /* Color-Theme.swift */ = {isa = PBXFileReference; lastKnownFileType = sourcecode.swift; path = "Color-Theme.swift"; sourceTree = "<group>"; };
		9ED8A8022A1551D7007E0192 /* MissionView.swift */ = {isa = PBXFileReference; lastKnownFileType = sourcecode.swift; path = MissionView.swift; sourceTree = "<group>"; };
		9ED8A8042A155A8E007E0192 /* AstronautView.swift */ = {isa = PBXFileReference; lastKnownFileType = sourcecode.swift; path = AstronautView.swift; sourceTree = "<group>"; };
		9ED8A8062A156405007E0192 /* GridLayout.swift */ = {isa = PBXFileReference; lastKnownFileType = sourcecode.swift; path = GridLayout.swift; sourceTree = "<group>"; };
		9ED8A8082A1564D2007E0192 /* ListLayout.swift */ = {isa = PBXFileReference; lastKnownFileType = sourcecode.swift; path = ListLayout.swift; sourceTree = SOURCE_ROOT; };
		9ED8A80A2A15672B007E0192 /* CrewRoster.swift */ = {isa = PBXFileReference; lastKnownFileType = sourcecode.swift; path = CrewRoster.swift; sourceTree = "<group>"; };
		9ED8A80C2A1568E7007E0192 /* CustomDivider.swift */ = {isa = PBXFileReference; lastKnownFileType = sourcecode.swift; path = CustomDivider.swift; sourceTree = "<group>"; };
/* End PBXFileReference section */

/* Begin PBXFrameworksBuildPhase section */
		9E947BAD2A139E8400C3BDCF /* Frameworks */ = {
			isa = PBXFrameworksBuildPhase;
			buildActionMask = 2147483647;
			files = (
			);
			runOnlyForDeploymentPostprocessing = 0;
		};
/* End PBXFrameworksBuildPhase section */

/* Begin PBXGroup section */
		9E947BA72A139E8400C3BDCF = {
			isa = PBXGroup;
			children = (
				9E947BB22A139E8400C3BDCF /* Moonshot */,
				9E947BB12A139E8400C3BDCF /* Products */,
			);
			sourceTree = "<group>";
		};
		9E947BB12A139E8400C3BDCF /* Products */ = {
			isa = PBXGroup;
			children = (
				9E947BB02A139E8400C3BDCF /* Moonshot.app */,
			);
			name = Products;
			sourceTree = "<group>";
		};
		9E947BB22A139E8400C3BDCF /* Moonshot */ = {
			isa = PBXGroup;
			children = (
				9ED8A7FA2A151A40007E0192 /* Astronaut.swift */,
				9ED8A8042A155A8E007E0192 /* AstronautView.swift */,
				9ED8A7FC2A151AB1007E0192 /* Bundle-Decodable.swift */,
				9E947BB52A139E8400C3BDCF /* ContentView.swift */,
				9ED8A80A2A15672B007E0192 /* CrewRoster.swift */,
				9ED8A8002A154F18007E0192 /* Color-Theme.swift */,
				9ED8A8062A156405007E0192 /* GridLayout.swift */,
				9ED8A8082A1564D2007E0192 /* ListLayout.swift */,
				9ED8A8022A1551D7007E0192 /* MissionView.swift */,
				9ED8A80C2A1568E7007E0192 /* CustomDivider.swift */,
				9E947BB32A139E8400C3BDCF /* MoonshotApp.swift */,
				9ED8A7FE2A1528A6007E0192 /* Mission.swift */,
				9ED8A7F62A151755007E0192 /* astronauts.json */,
				9ED8A7F72A151755007E0192 /* missions.json */,
				9E947BB72A139E8500C3BDCF /* Assets.xcassets */,
				9E947BB92A139E8500C3BDCF /* Preview Content */,
			);
			path = Moonshot;
			sourceTree = "<group>";
		};
		9E947BB92A139E8500C3BDCF /* Preview Content */ = {
			isa = PBXGroup;
			children = (
				9E947BBA2A139E8500C3BDCF /* Preview Assets.xcassets */,
			);
			path = "Preview Content";
			sourceTree = "<group>";
		};
/* End PBXGroup section */

/* Begin PBXNativeTarget section */
		9E947BAF2A139E8400C3BDCF /* Moonshot */ = {
			isa = PBXNativeTarget;
			buildConfigurationList = 9E947BBE2A139E8500C3BDCF /* Build configuration list for PBXNativeTarget "Moonshot" */;
			buildPhases = (
				9E947BAC2A139E8400C3BDCF /* Sources */,
				9E947BAD2A139E8400C3BDCF /* Frameworks */,
				9E947BAE2A139E8400C3BDCF /* Resources */,
			);
			buildRules = (
			);
			dependencies = (
			);
			name = Moonshot;
			productName = Moonshot;
			productReference = 9E947BB02A139E8400C3BDCF /* Moonshot.app */;
			productType = "com.apple.product-type.application";
		};
/* End PBXNativeTarget section */

/* Begin PBXProject section */
		9E947BA82A139E8400C3BDCF /* Project object */ = {
			isa = PBXProject;
			attributes = {
				BuildIndependentTargetsInParallel = 1;
				LastSwiftUpdateCheck = 1430;
				LastUpgradeCheck = 1430;
				TargetAttributes = {
					9E947BAF2A139E8400C3BDCF = {
						CreatedOnToolsVersion = 14.3;
					};
				};
			};
			buildConfigurationList = 9E947BAB2A139E8400C3BDCF /* Build configuration list for PBXProject "Moonshot" */;
			compatibilityVersion = "Xcode 14.0";
			developmentRegion = en;
			hasScannedForEncodings = 0;
			knownRegions = (
				en,
				Base,
			);
			mainGroup = 9E947BA72A139E8400C3BDCF;
			productRefGroup = 9E947BB12A139E8400C3BDCF /* Products */;
			projectDirPath = "";
			projectRoot = "";
			targets = (
				9E947BAF2A139E8400C3BDCF /* Moonshot */,
			);
		};
/* End PBXProject section */

/* Begin PBXResourcesBuildPhase section */
		9E947BAE2A139E8400C3BDCF /* Resources */ = {
			isa = PBXResourcesBuildPhase;
			buildActionMask = 2147483647;
			files = (
				9ED8A7F82A151755007E0192 /* astronauts.json in Resources */,
				9E947BBB2A139E8500C3BDCF /* Preview Assets.xcassets in Resources */,
				9ED8A7F92A151755007E0192 /* missions.json in Resources */,
				9E947BB82A139E8500C3BDCF /* Assets.xcassets in Resources */,
			);
			runOnlyForDeploymentPostprocessing = 0;
		};
/* End PBXResourcesBuildPhase section */

/* Begin PBXSourcesBuildPhase section */
		9E947BAC2A139E8400C3BDCF /* Sources */ = {
			isa = PBXSourcesBuildPhase;
			buildActionMask = 2147483647;
			files = (
				9ED8A8032A1551D7007E0192 /* MissionView.swift in Sources */,
				9ED8A7FB2A151A40007E0192 /* Astronaut.swift in Sources */,
				9ED8A8052A155A8E007E0192 /* AstronautView.swift in Sources */,
				9ED8A8092A1564D2007E0192 /* ListLayout.swift in Sources */,
				9ED8A8012A154F18007E0192 /* Color-Theme.swift in Sources */,
				9E947BB62A139E8400C3BDCF /* ContentView.swift in Sources */,
				9E947BB42A139E8400C3BDCF /* MoonshotApp.swift in Sources */,
				9ED8A8072A156405007E0192 /* GridLayout.swift in Sources */,
				9ED8A80D2A1568E7007E0192 /* CustomDivider.swift in Sources */,
				9ED8A80B2A15672B007E0192 /* CrewRoster.swift in Sources */,
				9ED8A7FF2A1528A6007E0192 /* Mission.swift in Sources */,
				9ED8A7FD2A151AB1007E0192 /* Bundle-Decodable.swift in Sources */,
			);
			runOnlyForDeploymentPostprocessing = 0;
		};
/* End PBXSourcesBuildPhase section */

/* Begin XCBuildConfiguration section */
		9E947BBC2A139E8500C3BDCF /* Debug */ = {
			isa = XCBuildConfiguration;
			buildSettings = {
				ALWAYS_SEARCH_USER_PATHS = NO;
				CLANG_ANALYZER_NONNULL = YES;
				CLANG_ANALYZER_NUMBER_OBJECT_CONVERSION = YES_AGGRESSIVE;
				CLANG_CXX_LANGUAGE_STANDARD = "gnu++20";
				CLANG_ENABLE_MODULES = YES;
				CLANG_ENABLE_OBJC_ARC = YES;
				CLANG_ENABLE_OBJC_WEAK = YES;
				CLANG_WARN_BLOCK_CAPTURE_AUTORELEASING = YES;
				CLANG_WARN_BOOL_CONVERSION = YES;
				CLANG_WARN_COMMA = YES;
				CLANG_WARN_CONSTANT_CONVERSION = YES;
				CLANG_WARN_DEPRECATED_OBJC_IMPLEMENTATIONS = YES;
				CLANG_WARN_DIRECT_OBJC_ISA_USAGE = YES_ERROR;
				CLANG_WARN_DOCUMENTATION_COMMENTS = YES;
				CLANG_WARN_EMPTY_BODY = YES;
				CLANG_WARN_ENUM_CONVERSION = YES;
				CLANG_WARN_INFINITE_RECURSION = YES;
				CLANG_WARN_INT_CONVERSION = YES;
				CLANG_WARN_NON_LITERAL_NULL_CONVERSION = YES;
				CLANG_WARN_OBJC_IMPLICIT_RETAIN_SELF = YES;
				CLANG_WARN_OBJC_LITERAL_CONVERSION = YES;
				CLANG_WARN_OBJC_ROOT_CLASS = YES_ERROR;
				CLANG_WARN_QUOTED_INCLUDE_IN_FRAMEWORK_HEADER = YES;
				CLANG_WARN_RANGE_LOOP_ANALYSIS = YES;
				CLANG_WARN_STRICT_PROTOTYPES = YES;
				CLANG_WARN_SUSPICIOUS_MOVE = YES;
				CLANG_WARN_UNGUARDED_AVAILABILITY = YES_AGGRESSIVE;
				CLANG_WARN_UNREACHABLE_CODE = YES;
				CLANG_WARN__DUPLICATE_METHOD_MATCH = YES;
				COPY_PHASE_STRIP = NO;
				DEBUG_INFORMATION_FORMAT = dwarf;
				ENABLE_STRICT_OBJC_MSGSEND = YES;
				ENABLE_TESTABILITY = YES;
				GCC_C_LANGUAGE_STANDARD = gnu11;
				GCC_DYNAMIC_NO_PIC = NO;
				GCC_NO_COMMON_BLOCKS = YES;
				GCC_OPTIMIZATION_LEVEL = 0;
				GCC_PREPROCESSOR_DEFINITIONS = (
					"DEBUG=1",
					"$(inherited)",
				);
				GCC_WARN_64_TO_32_BIT_CONVERSION = YES;
				GCC_WARN_ABOUT_RETURN_TYPE = YES_ERROR;
				GCC_WARN_UNDECLARED_SELECTOR = YES;
				GCC_WARN_UNINITIALIZED_AUTOS = YES_AGGRESSIVE;
				GCC_WARN_UNUSED_FUNCTION = YES;
				GCC_WARN_UNUSED_VARIABLE = YES;
				IPHONEOS_DEPLOYMENT_TARGET = 16.4;
				MTL_ENABLE_DEBUG_INFO = INCLUDE_SOURCE;
				MTL_FAST_MATH = YES;
				ONLY_ACTIVE_ARCH = YES;
				SDKROOT = iphoneos;
				SWIFT_ACTIVE_COMPILATION_CONDITIONS = DEBUG;
				SWIFT_OPTIMIZATION_LEVEL = "-Onone";
			};
			name = Debug;
		};
		9E947BBD2A139E8500C3BDCF /* Release */ = {
			isa = XCBuildConfiguration;
			buildSettings = {
				ALWAYS_SEARCH_USER_PATHS = NO;
				CLANG_ANALYZER_NONNULL = YES;
				CLANG_ANALYZER_NUMBER_OBJECT_CONVERSION = YES_AGGRESSIVE;
				CLANG_CXX_LANGUAGE_STANDARD = "gnu++20";
				CLANG_ENABLE_MODULES = YES;
				CLANG_ENABLE_OBJC_ARC = YES;
				CLANG_ENABLE_OBJC_WEAK = YES;
				CLANG_WARN_BLOCK_CAPTURE_AUTORELEASING = YES;
				CLANG_WARN_BOOL_CONVERSION = YES;
				CLANG_WARN_COMMA = YES;
				CLANG_WARN_CONSTANT_CONVERSION = YES;
				CLANG_WARN_DEPRECATED_OBJC_IMPLEMENTATIONS = YES;
				CLANG_WARN_DIRECT_OBJC_ISA_USAGE = YES_ERROR;
				CLANG_WARN_DOCUMENTATION_COMMENTS = YES;
				CLANG_WARN_EMPTY_BODY = YES;
				CLANG_WARN_ENUM_CONVERSION = YES;
				CLANG_WARN_INFINITE_RECURSION = YES;
				CLANG_WARN_INT_CONVERSION = YES;
				CLANG_WARN_NON_LITERAL_NULL_CONVERSION = YES;
				CLANG_WARN_OBJC_IMPLICIT_RETAIN_SELF = YES;
				CLANG_WARN_OBJC_LITERAL_CONVERSION = YES;
				CLANG_WARN_OBJC_ROOT_CLASS = YES_ERROR;
				CLANG_WARN_QUOTED_INCLUDE_IN_FRAMEWORK_HEADER = YES;
				CLANG_WARN_RANGE_LOOP_ANALYSIS = YES;
				CLANG_WARN_STRICT_PROTOTYPES = YES;
				CLANG_WARN_SUSPICIOUS_MOVE = YES;
				CLANG_WARN_UNGUARDED_AVAILABILITY = YES_AGGRESSIVE;
				CLANG_WARN_UNREACHABLE_CODE = YES;
				CLANG_WARN__DUPLICATE_METHOD_MATCH = YES;
				COPY_PHASE_STRIP = NO;
				DEBUG_INFORMATION_FORMAT = "dwarf-with-dsym";
				ENABLE_NS_ASSERTIONS = NO;
				ENABLE_STRICT_OBJC_MSGSEND = YES;
				GCC_C_LANGUAGE_STANDARD = gnu11;
				GCC_NO_COMMON_BLOCKS = YES;
				GCC_WARN_64_TO_32_BIT_CONVERSION = YES;
				GCC_WARN_ABOUT_RETURN_TYPE = YES_ERROR;
				GCC_WARN_UNDECLARED_SELECTOR = YES;
				GCC_WARN_UNINITIALIZED_AUTOS = YES_AGGRESSIVE;
				GCC_WARN_UNUSED_FUNCTION = YES;
				GCC_WARN_UNUSED_VARIABLE = YES;
				IPHONEOS_DEPLOYMENT_TARGET = 16.4;
				MTL_ENABLE_DEBUG_INFO = NO;
				MTL_FAST_MATH = YES;
				SDKROOT = iphoneos;
				SWIFT_COMPILATION_MODE = wholemodule;
				SWIFT_OPTIMIZATION_LEVEL = "-O";
				VALIDATE_PRODUCT = YES;
			};
			name = Release;
		};
		9E947BBF2A139E8500C3BDCF /* Debug */ = {
			isa = XCBuildConfiguration;
			buildSettings = {
				ASSETCATALOG_COMPILER_APPICON_NAME = AppIcon;
				ASSETCATALOG_COMPILER_GLOBAL_ACCENT_COLOR_NAME = AccentColor;
				CODE_SIGN_STYLE = Automatic;
				CURRENT_PROJECT_VERSION = 1;
				DEVELOPMENT_ASSET_PATHS = "\"Moonshot/Preview Content\"";
				DEVELOPMENT_TEAM = W24A4VSSJA;
				ENABLE_PREVIEWS = YES;
				GENERATE_INFOPLIST_FILE = YES;
				INFOPLIST_KEY_UIApplicationSceneManifest_Generation = YES;
				INFOPLIST_KEY_UIApplicationSupportsIndirectInputEvents = YES;
				INFOPLIST_KEY_UILaunchScreen_Generation = YES;
				INFOPLIST_KEY_UISupportedInterfaceOrientations_iPad = "UIInterfaceOrientationPortrait UIInterfaceOrientationPortraitUpsideDown UIInterfaceOrientationLandscapeLeft UIInterfaceOrientationLandscapeRight";
				INFOPLIST_KEY_UISupportedInterfaceOrientations_iPhone = "UIInterfaceOrientationPortrait UIInterfaceOrientationLandscapeLeft UIInterfaceOrientationLandscapeRight";
				LD_RUNPATH_SEARCH_PATHS = (
					"$(inherited)",
					"@executable_path/Frameworks",
				);
				MARKETING_VERSION = 1.0;
				PRODUCT_BUNDLE_IDENTIFIER = HWS.Moonshot;
				PRODUCT_NAME = "$(TARGET_NAME)";
				SWIFT_EMIT_LOC_STRINGS = YES;
				SWIFT_VERSION = 5.0;
				TARGETED_DEVICE_FAMILY = "1,2";
			};
			name = Debug;
		};
		9E947BC02A139E8500C3BDCF /* Release */ = {
			isa = XCBuildConfiguration;
			buildSettings = {
				ASSETCATALOG_COMPILER_APPICON_NAME = AppIcon;
				ASSETCATALOG_COMPILER_GLOBAL_ACCENT_COLOR_NAME = AccentColor;
				CODE_SIGN_STYLE = Automatic;
				CURRENT_PROJECT_VERSION = 1;
				DEVELOPMENT_ASSET_PATHS = "\"Moonshot/Preview Content\"";
				DEVELOPMENT_TEAM = W24A4VSSJA;
				ENABLE_PREVIEWS = YES;
				GENERATE_INFOPLIST_FILE = YES;
				INFOPLIST_KEY_UIApplicationSceneManifest_Generation = YES;
				INFOPLIST_KEY_UIApplicationSupportsIndirectInputEvents = YES;
				INFOPLIST_KEY_UILaunchScreen_Generation = YES;
				INFOPLIST_KEY_UISupportedInterfaceOrientations_iPad = "UIInterfaceOrientationPortrait UIInterfaceOrientationPortraitUpsideDown UIInterfaceOrientationLandscapeLeft UIInterfaceOrientationLandscapeRight";
				INFOPLIST_KEY_UISupportedInterfaceOrientations_iPhone = "UIInterfaceOrientationPortrait UIInterfaceOrientationLandscapeLeft UIInterfaceOrientationLandscapeRight";
				LD_RUNPATH_SEARCH_PATHS = (
					"$(inherited)",
					"@executable_path/Frameworks",
				);
				MARKETING_VERSION = 1.0;
				PRODUCT_BUNDLE_IDENTIFIER = HWS.Moonshot;
				PRODUCT_NAME = "$(TARGET_NAME)";
				SWIFT_EMIT_LOC_STRINGS = YES;
				SWIFT_VERSION = 5.0;
				TARGETED_DEVICE_FAMILY = "1,2";
			};
			name = Release;
		};
/* End XCBuildConfiguration section */

/* Begin XCConfigurationList section */
		9E947BAB2A139E8400C3BDCF /* Build configuration list for PBXProject "Moonshot" */ = {
			isa = XCConfigurationList;
			buildConfigurations = (
				9E947BBC2A139E8500C3BDCF /* Debug */,
				9E947BBD2A139E8500C3BDCF /* Release */,
			);
			defaultConfigurationIsVisible = 0;
			defaultConfigurationName = Release;
		};
		9E947BBE2A139E8500C3BDCF /* Build configuration list for PBXNativeTarget "Moonshot" */ = {
			isa = XCConfigurationList;
			buildConfigurations = (
				9E947BBF2A139E8500C3BDCF /* Debug */,
				9E947BC02A139E8500C3BDCF /* Release */,
			);
			defaultConfigurationIsVisible = 0;
			defaultConfigurationName = Release;
		};
/* End XCConfigurationList section */
	};
	rootObject = 9E947BA82A139E8400C3BDCF /* Project object */;
}
